
Microsoft Visual Studio Solution File, Format Version 12.00
# Visual Studio Version 17
VisualStudioVersion = 17.1.32228.430
MinimumVisualStudioVersion = 10.0.40219.1
Project("{9A19103F-16F7-4668-BE54-9A1E7A4F7556}") = "Tripous", "Tripous\Tripous.csproj", "{4C804B7B-219A-434C-930F-C91C8551FD10}"
EndProject
Project("{2150E333-8FDC-42A3-9474-1A3956D46DE8}") = "Files", "Files", "{9F3E7B89-0128-4A0B-8A9D-29DC7B65610C}"
	ProjectSection(SolutionItems) = preProject
		_Files\ALTER_TABLE.txt = _Files\ALTER_TABLE.txt
		_Files\Codeium.txt = _Files\Codeium.txt
		_Files\GUIDs.txt = _Files\GUIDs.txt
		_Files\HtmlEntities.txt = _Files\HtmlEntities.txt
		_Files\Licence.txt = _Files\Licence.txt
		_Files\Notes.txt = _Files\Notes.txt
		_Files\Temp.txt = _Files\Temp.txt
		_Files\TODO.txt = _Files\TODO.txt
	EndProjectSection
EndProject
Project("{9A19103F-16F7-4668-BE54-9A1E7A4F7556}") = "Test.WinApp", "Test.WinApp\Test.WinApp.csproj", "{42D2B175-CBC6-4277-BBA0-3EC923C2A0F7}"
EndProject
Project("{9A19103F-16F7-4668-BE54-9A1E7A4F7556}") = "WebDesk", "WebDesk\WebDesk.csproj", "{140DF979-3BEB-4778-9200-6BF0AD43EB60}"
EndProject
Project("{9A19103F-16F7-4668-BE54-9A1E7A4F7556}") = "WebDesk.Lib", "WebDesk.Lib\WebDesk.Lib.csproj", "{3C2078B0-603B-429B-98EE-2560349CDDB7}"
EndProject
Project("{9A19103F-16F7-4668-BE54-9A1E7A4F7556}") = "WinApp.Demos", "WinApp.Demos\WinApp.Demos.csproj", "{0E5EC58B-9731-4A84-B1EF-316DD6C3E3B9}"
EndProject
Project("{2150E333-8FDC-42A3-9474-1A3956D46DE8}") = "Solution Items", "Solution Items", "{8262DB92-2D6B-401F-8E72-D7528545301C}"
	ProjectSection(SolutionItems) = preProject
		ReadMe.md = ReadMe.md
	EndProjectSection
EndProject
Project("{9A19103F-16F7-4668-BE54-9A1E7A4F7556}") = "Tripous.Forms", "Tripous.Forms\Tripous.Forms.csproj", "{52C552C0-47C7-4137-A08E-14C3FE2A96D9}"
EndProject
Project("{FAE04EC0-301F-11D3-BF4B-00C04F79EFBC}") = "Test.WinApp2", "Test.WinApp2\Test.WinApp2.csproj", "{40424EEB-BCDD-477F-9C62-A131B2716C20}"
EndProject
Project("{FAE04EC0-301F-11D3-BF4B-00C04F79EFBC}") = "FastColoredTextBox", "FastColoredTextBox\FastColoredTextBox.csproj", "{3515A36D-1A9D-F76B-3082-E4EA3E8E3E2B}"
EndProject
Project("{FAE04EC0-301F-11D3-BF4B-00C04F79EFBC}") = "Tripous.Forms.Markdown", "Tripous.Forms.Markdown\Tripous.Forms.Markdown.csproj", "{47E67D7C-7B31-4938-B305-89A6FFAEC777}"
EndProject
Global
	GlobalSection(SolutionConfigurationPlatforms) = preSolution
		Debug|Any CPU = Debug|Any CPU
		Release|Any CPU = Release|Any CPU
	EndGlobalSection
	GlobalSection(ProjectConfigurationPlatforms) = postSolution
		{4C804B7B-219A-434C-930F-C91C8551FD10}.Debug|Any CPU.ActiveCfg = Debug|Any CPU
		{4C804B7B-219A-434C-930F-C91C8551FD10}.Debug|Any CPU.Build.0 = Debug|Any CPU
		{4C804B7B-219A-434C-930F-C91C8551FD10}.Release|Any CPU.ActiveCfg = Release|Any CPU
		{4C804B7B-219A-434C-930F-C91C8551FD10}.Release|Any CPU.Build.0 = Release|Any CPU
		{42D2B175-CBC6-4277-BBA0-3EC923C2A0F7}.Debug|Any CPU.ActiveCfg = Debug|Any CPU
		{42D2B175-CBC6-4277-BBA0-3EC923C2A0F7}.Debug|Any CPU.Build.0 = Debug|Any CPU
		{42D2B175-CBC6-4277-BBA0-3EC923C2A0F7}.Release|Any CPU.ActiveCfg = Release|Any CPU
		{42D2B175-CBC6-4277-BBA0-3EC923C2A0F7}.Release|Any CPU.Build.0 = Release|Any CPU
		{140DF979-3BEB-4778-9200-6BF0AD43EB60}.Debug|Any CPU.ActiveCfg = Debug|Any CPU
		{140DF979-3BEB-4778-9200-6BF0AD43EB60}.Debug|Any CPU.Build.0 = Debug|Any CPU
		{140DF979-3BEB-4778-9200-6BF0AD43EB60}.Release|Any CPU.ActiveCfg = Release|Any CPU
		{140DF979-3BEB-4778-9200-6BF0AD43EB60}.Release|Any CPU.Build.0 = Release|Any CPU
		{3C2078B0-603B-429B-98EE-2560349CDDB7}.Debug|Any CPU.ActiveCfg = Debug|Any CPU
		{3C2078B0-603B-429B-98EE-2560349CDDB7}.Debug|Any CPU.Build.0 = Debug|Any CPU
		{3C2078B0-603B-429B-98EE-2560349CDDB7}.Release|Any CPU.ActiveCfg = Release|Any CPU
		{3C2078B0-603B-429B-98EE-2560349CDDB7}.Release|Any CPU.Build.0 = Release|Any CPU
		{0E5EC58B-9731-4A84-B1EF-316DD6C3E3B9}.Debug|Any CPU.ActiveCfg = Debug|Any CPU
		{0E5EC58B-9731-4A84-B1EF-316DD6C3E3B9}.Debug|Any CPU.Build.0 = Debug|Any CPU
		{0E5EC58B-9731-4A84-B1EF-316DD6C3E3B9}.Release|Any CPU.ActiveCfg = Release|Any CPU
		{0E5EC58B-9731-4A84-B1EF-316DD6C3E3B9}.Release|Any CPU.Build.0 = Release|Any CPU
		{52C552C0-47C7-4137-A08E-14C3FE2A96D9}.Debug|Any CPU.ActiveCfg = Debug|Any CPU
		{52C552C0-47C7-4137-A08E-14C3FE2A96D9}.Debug|Any CPU.Build.0 = Debug|Any CPU
		{52C552C0-47C7-4137-A08E-14C3FE2A96D9}.Release|Any CPU.ActiveCfg = Release|Any CPU
		{52C552C0-47C7-4137-A08E-14C3FE2A96D9}.Release|Any CPU.Build.0 = Release|Any CPU
		{40424EEB-BCDD-477F-9C62-A131B2716C20}.Debug|Any CPU.ActiveCfg = Debug|Any CPU
		{40424EEB-BCDD-477F-9C62-A131B2716C20}.Debug|Any CPU.Build.0 = Debug|Any CPU
		{40424EEB-BCDD-477F-9C62-A131B2716C20}.Release|Any CPU.ActiveCfg = Release|Any CPU
		{40424EEB-BCDD-477F-9C62-A131B2716C20}.Release|Any CPU.Build.0 = Release|Any CPU
		{3515A36D-1A9D-F76B-3082-E4EA3E8E3E2B}.Debug|Any CPU.ActiveCfg = Debug|Any CPU
		{3515A36D-1A9D-F76B-3082-E4EA3E8E3E2B}.Debug|Any CPU.Build.0 = Debug|Any CPU
		{3515A36D-1A9D-F76B-3082-E4EA3E8E3E2B}.Release|Any CPU.ActiveCfg = Release|Any CPU
		{3515A36D-1A9D-F76B-3082-E4EA3E8E3E2B}.Release|Any CPU.Build.0 = Release|Any CPU
		{47E67D7C-7B31-4938-B305-89A6FFAEC777}.Debug|Any CPU.ActiveCfg = Debug|Any CPU
		{47E67D7C-7B31-4938-B305-89A6FFAEC777}.Debug|Any CPU.Build.0 = Debug|Any CPU
		{47E67D7C-7B31-4938-B305-89A6FFAEC777}.Release|Any CPU.ActiveCfg = Release|Any CPU
		{47E67D7C-7B31-4938-B305-89A6FFAEC777}.Release|Any CPU.Build.0 = Release|Any CPU
	EndGlobalSection
	GlobalSection(SolutionProperties) = preSolution
		HideSolutionNode = FALSE
	EndGlobalSection
	GlobalSection(ExtensibilityGlobals) = postSolution
		SolutionGuid = {A2A3860D-515B-4777-8709-0E39BA499BC7}
	EndGlobalSection
EndGlobal
